{
  "name": "immutable-demo",
  "version": "0.0.0",
  "lockfileVersion": 1,
  "requires": true,
  "dependencies": {
    "immutable": {
      "version": "4.0.0-rc.10",
      "resolved": "https://registry.npmjs.org/immutable/-/immutable-4.0.0-rc.10.tgz",
      "integrity": "sha512-tIdM/FgCQKvsOW29sorYe0VCW+MMyV7Yw/5Mx87GELY5vUiAeZSvl0HKZEBbhX0QnoGiFl8YMO8ZVHN3FXoDnA=="
    }
  }
}
